// !$*UTF8*$!
{
	archiveVersion = 1;
	classes = {
	};
	objectVersion = 55;
	objects = {

/* Begin PBXBuildFile section */
		3B4875832771B0620032B6FC /* AppDelegate.swift in Sources */ = {isa = PBXBuildFile; fileRef = 3B4875822771B0620032B6FC /* AppDelegate.swift */; };
		3B4875852771B0620032B6FC /* SceneDelegate.swift in Sources */ = {isa = PBXBuildFile; fileRef = 3B4875842771B0620032B6FC /* SceneDelegate.swift */; };
		3B4875872771B0620032B6FC /* ViewController.swift in Sources */ = {isa = PBXBuildFile; fileRef = 3B4875862771B0620032B6FC /* ViewController.swift */; };
		3B48758A2771B0620032B6FC /* Main.storyboard in Resources */ = {isa = PBXBuildFile; fileRef = 3B4875882771B0620032B6FC /* Main.storyboard */; };
		3B48758C2771B0640032B6FC /* Assets.xcassets in Resources */ = {isa = PBXBuildFile; fileRef = 3B48758B2771B0640032B6FC /* Assets.xcassets */; };
		3B48758F2771B0640032B6FC /* LaunchScreen.storyboard in Resources */ = {isa = PBXBuildFile; fileRef = 3B48758D2771B0640032B6FC /* LaunchScreen.storyboard */; };
		3B4875D12771B1B60032B6FC /* libsqlite3.tbd in Frameworks */ = {isa = PBXBuildFile; fileRef = 3B4875D02771B1A60032B6FC /* libsqlite3.tbd */; };
		3B4875DF2771B3C80032B6FC /* FMDatabaseQueue.m in Sources */ = {isa = PBXBuildFile; fileRef = 3B4875D42771B3C80032B6FC /* FMDatabaseQueue.m */; };
		3B4875E02771B3C80032B6FC /* FMDatabaseAdditions.m in Sources */ = {isa = PBXBuildFile; fileRef = 3B4875D72771B3C80032B6FC /* FMDatabaseAdditions.m */; };
		3B4875E12771B3C80032B6FC /* FMDatabase.m in Sources */ = {isa = PBXBuildFile; fileRef = 3B4875D82771B3C80032B6FC /* FMDatabase.m */; };
		3B4875E22771B3C80032B6FC /* FMDatabasePool.m in Sources */ = {isa = PBXBuildFile; fileRef = 3B4875DC2771B3C80032B6FC /* FMDatabasePool.m */; };
		3B4875E32771B3C80032B6FC /* FMResultSet.m in Sources */ = {isa = PBXBuildFile; fileRef = 3B4875DD2771B3C80032B6FC /* FMResultSet.m */; };
		3B4875E72771B8410032B6FC /* SQLiteManager.swift in Sources */ = {isa = PBXBuildFile; fileRef = 3B4875E62771B8410032B6FC /* SQLiteManager.swift */; };
		3B4875EB2771C1100032B6FC /* db.sql in Resources */ = {isa = PBXBuildFile; fileRef = 3B4875EA2771C1100032B6FC /* db.sql */; };
		3B4875F4277204750032B6FC /* AppDelegate.m in Sources */ = {isa = PBXBuildFile; fileRef = 3B4875F3277204750032B6FC /* AppDelegate.m */; };
		3B4875F7277204750032B6FC /* SceneDelegate.m in Sources */ = {isa = PBXBuildFile; fileRef = 3B4875F6277204750032B6FC /* SceneDelegate.m */; };
		3B4875FA277204750032B6FC /* ViewController.m in Sources */ = {isa = PBXBuildFile; fileRef = 3B4875F9277204750032B6FC /* ViewController.m */; };
		3B4875FD277204750032B6FC /* Main.storyboard in Resources */ = {isa = PBXBuildFile; fileRef = 3B4875FB277204750032B6FC /* Main.storyboard */; };
		3B4875FF277204760032B6FC /* Assets.xcassets in Resources */ = {isa = PBXBuildFile; fileRef = 3B4875FE277204760032B6FC /* Assets.xcassets */; };
		3B487602277204760032B6FC /* LaunchScreen.storyboard in Resources */ = {isa = PBXBuildFile; fileRef = 3B487600277204760032B6FC /* LaunchScreen.storyboard */; };
		3B487605277204760032B6FC /* main.m in Sources */ = {isa = PBXBuildFile; fileRef = 3B487604277204760032B6FC /* main.m */; };
/* End PBXBuildFile section */

/* Begin PBXFileReference section */
		3B4875802771B0610032B6FC /* FMDB演练.app */ = {isa = PBXFileReference; explicitFileType = wrapper.application; includeInIndex = 0; path = "FMDB演练.app"; sourceTree = BUILT_PRODUCTS_DIR; };
		3B4875822771B0620032B6FC /* AppDelegate.swift */ = {isa = PBXFileReference; lastKnownFileType = sourcecode.swift; path = AppDelegate.swift; sourceTree = "<group>"; };
		3B4875842771B0620032B6FC /* SceneDelegate.swift */ = {isa = PBXFileReference; lastKnownFileType = sourcecode.swift; path = SceneDelegate.swift; sourceTree = "<group>"; };
		3B4875862771B0620032B6FC /* ViewController.swift */ = {isa = PBXFileReference; lastKnownFileType = sourcecode.swift; path = ViewController.swift; sourceTree = "<group>"; };
		3B4875892771B0620032B6FC /* Base */ = {isa = PBXFileReference; lastKnownFileType = file.storyboard; name = Base; path = Base.lproj/Main.storyboard; sourceTree = "<group>"; };
		3B48758B2771B0640032B6FC /* Assets.xcassets */ = {isa = PBXFileReference; lastKnownFileType = folder.assetcatalog; path = Assets.xcassets; sourceTree = "<group>"; };
		3B48758E2771B0640032B6FC /* Base */ = {isa = PBXFileReference; lastKnownFileType = file.storyboard; name = Base; path = Base.lproj/LaunchScreen.storyboard; sourceTree = "<group>"; };
		3B4875902771B0640032B6FC /* Info.plist */ = {isa = PBXFileReference; lastKnownFileType = text.plist.xml; path = Info.plist; sourceTree = "<group>"; };
		3B4875D02771B1A60032B6FC /* libsqlite3.tbd */ = {isa = PBXFileReference; lastKnownFileType = "sourcecode.text-based-dylib-definition"; name = libsqlite3.tbd; path = usr/lib/libsqlite3.tbd; sourceTree = SDKROOT; };
		3B4875D32771B3C80032B6FC /* FMDatabase.h */ = {isa = PBXFileReference; fileEncoding = 4; lastKnownFileType = sourcecode.c.h; path = FMDatabase.h; sourceTree = "<group>"; };
		3B4875D42771B3C80032B6FC /* FMDatabaseQueue.m */ = {isa = PBXFileReference; fileEncoding = 4; lastKnownFileType = sourcecode.c.objc; path = FMDatabaseQueue.m; sourceTree = "<group>"; };
		3B4875D52771B3C80032B6FC /* FMResultSet.h */ = {isa = PBXFileReference; fileEncoding = 4; lastKnownFileType = sourcecode.c.h; path = FMResultSet.h; sourceTree = "<group>"; };
		3B4875D62771B3C80032B6FC /* FMDatabasePool.h */ = {isa = PBXFileReference; fileEncoding = 4; lastKnownFileType = sourcecode.c.h; path = FMDatabasePool.h; sourceTree = "<group>"; };
		3B4875D72771B3C80032B6FC /* FMDatabaseAdditions.m */ = {isa = PBXFileReference; fileEncoding = 4; lastKnownFileType = sourcecode.c.objc; path = FMDatabaseAdditions.m; sourceTree = "<group>"; };
		3B4875D82771B3C80032B6FC /* FMDatabase.m */ = {isa = PBXFileReference; fileEncoding = 4; lastKnownFileType = sourcecode.c.objc; path = FMDatabase.m; sourceTree = "<group>"; };
		3B4875D92771B3C80032B6FC /* FMDatabaseQueue.h */ = {isa = PBXFileReference; fileEncoding = 4; lastKnownFileType = sourcecode.c.h; path = FMDatabaseQueue.h; sourceTree = "<group>"; };
		3B4875DA2771B3C80032B6FC /* FMDB.h */ = {isa = PBXFileReference; fileEncoding = 4; lastKnownFileType = sourcecode.c.h; path = FMDB.h; sourceTree = "<group>"; };
		3B4875DB2771B3C80032B6FC /* FMDatabaseAdditions.h */ = {isa = PBXFileReference; fileEncoding = 4; lastKnownFileType = sourcecode.c.h; path = FMDatabaseAdditions.h; sourceTree = "<group>"; };
		3B4875DC2771B3C80032B6FC /* FMDatabasePool.m */ = {isa = PBXFileReference; fileEncoding = 4; lastKnownFileType = sourcecode.c.objc; path = FMDatabasePool.m; sourceTree = "<group>"; };
		3B4875DD2771B3C80032B6FC /* FMResultSet.m */ = {isa = PBXFileReference; fileEncoding = 4; lastKnownFileType = sourcecode.c.objc; path = FMResultSet.m; sourceTree = "<group>"; };
		3B4875E52771B7180032B6FC /* FMDB-Bridge.h */ = {isa = PBXFileReference; lastKnownFileType = sourcecode.c.h; path = "FMDB-Bridge.h"; sourceTree = "<group>"; };
		3B4875E62771B8410032B6FC /* SQLiteManager.swift */ = {isa = PBXFileReference; lastKnownFileType = sourcecode.swift; path = SQLiteManager.swift; sourceTree = "<group>"; };
		3B4875EA2771C1100032B6FC /* db.sql */ = {isa = PBXFileReference; fileEncoding = 4; lastKnownFileType = text; name = db.sql; path = "../../day13/SQLite体验/db.sql"; sourceTree = "<group>"; };
		3B4875F0277204750032B6FC /* 串行队列.app */ = {isa = PBXFileReference; explicitFileType = wrapper.application; includeInIndex = 0; path = "串行队列.app"; sourceTree = BUILT_PRODUCTS_DIR; };
		3B4875F2277204750032B6FC /* AppDelegate.h */ = {isa = PBXFileReference; lastKnownFileType = sourcecode.c.h; path = AppDelegate.h; sourceTree = "<group>"; };
		3B4875F3277204750032B6FC /* AppDelegate.m */ = {isa = PBXFileReference; lastKnownFileType = sourcecode.c.objc; path = AppDelegate.m; sourceTree = "<group>"; };
		3B4875F5277204750032B6FC /* SceneDelegate.h */ = {isa = PBXFileReference; lastKnownFileType = sourcecode.c.h; path = SceneDelegate.h; sourceTree = "<group>"; };
		3B4875F6277204750032B6FC /* SceneDelegate.m */ = {isa = PBXFileReference; lastKnownFileType = sourcecode.c.objc; path = SceneDelegate.m; sourceTree = "<group>"; };
		3B4875F8277204750032B6FC /* ViewController.h */ = {isa = PBXFileReference; lastKnownFileType = sourcecode.c.h; path = ViewController.h; sourceTree = "<group>"; };
		3B4875F9277204750032B6FC /* ViewController.m */ = {isa = PBXFileReference; lastKnownFileType = sourcecode.c.objc; path = ViewController.m; sourceTree = "<group>"; };
		3B4875FC277204750032B6FC /* Base */ = {isa = PBXFileReference; lastKnownFileType = file.storyboard; name = Base; path = Base.lproj/Main.storyboard; sourceTree = "<group>"; };
		3B4875FE277204760032B6FC /* Assets.xcassets */ = {isa = PBXFileReference; lastKnownFileType = folder.assetcatalog; path = Assets.xcassets; sourceTree = "<group>"; };
		3B487601277204760032B6FC /* Base */ = {isa = PBXFileReference; lastKnownFileType = file.storyboard; name = Base; path = Base.lproj/LaunchScreen.storyboard; sourceTree = "<group>"; };
		3B487603277204760032B6FC /* Info.plist */ = {isa = PBXFileReference; lastKnownFileType = text.plist.xml; path = Info.plist; sourceTree = "<group>"; };
		3B487604277204760032B6FC /* main.m */ = {isa = PBXFileReference; lastKnownFileType = sourcecode.c.objc; path = main.m; sourceTree = "<group>"; };
/* End PBXFileReference section */

/* Begin PBXFrameworksBuildPhase section */
		3B48757D2771B0610032B6FC /* Frameworks */ = {
			isa = PBXFrameworksBuildPhase;
			buildActionMask = 2147483647;
			files = (
				3B4875D12771B1B60032B6FC /* libsqlite3.tbd in Frameworks */,
			);
			runOnlyForDeploymentPostprocessing = 0;
		};
		3B4875ED277204750032B6FC /* Frameworks */ = {
			isa = PBXFrameworksBuildPhase;
			buildActionMask = 2147483647;
			files = (
			);
			runOnlyForDeploymentPostprocessing = 0;
		};
/* End PBXFrameworksBuildPhase section */

/* Begin PBXGroup section */
		3B48755C2771B04A0032B6FC = {
			isa = PBXGroup;
			children = (
				3B4875812771B0610032B6FC /* FMDB演练 */,
				3B4875F1277204750032B6FC /* 串行队列 */,
				3B4875662771B04A0032B6FC /* Products */,
				3B4875CF2771B1A50032B6FC /* Frameworks */,
			);
			sourceTree = "<group>";
		};
		3B4875662771B04A0032B6FC /* Products */ = {
			isa = PBXGroup;
			children = (
				3B4875802771B0610032B6FC /* FMDB演练.app */,
				3B4875F0277204750032B6FC /* 串行队列.app */,
			);
			name = Products;
			sourceTree = "<group>";
		};
		3B4875812771B0610032B6FC /* FMDB演练 */ = {
			isa = PBXGroup;
			children = (
				3B4875822771B0620032B6FC /* AppDelegate.swift */,
				3B4875842771B0620032B6FC /* SceneDelegate.swift */,
				3B4875862771B0620032B6FC /* ViewController.swift */,
				3B4875882771B0620032B6FC /* Main.storyboard */,
				3B48758B2771B0640032B6FC /* Assets.xcassets */,
				3B48758D2771B0640032B6FC /* LaunchScreen.storyboard */,
				3B4875902771B0640032B6FC /* Info.plist */,
				3B4875E52771B7180032B6FC /* FMDB-Bridge.h */,
				3B4875E62771B8410032B6FC /* SQLiteManager.swift */,
				3B4875EA2771C1100032B6FC /* db.sql */,
				3B4875D22771B3C80032B6FC /* fmdb */,
			);
			path = "FMDB演练";
			sourceTree = "<group>";
		};
		3B4875CF2771B1A50032B6FC /* Frameworks */ = {
			isa = PBXGroup;
			children = (
				3B4875D02771B1A60032B6FC /* libsqlite3.tbd */,
			);
			name = Frameworks;
			sourceTree = "<group>";
		};
		3B4875D22771B3C80032B6FC /* fmdb */ = {
			isa = PBXGroup;
			children = (
				3B4875D32771B3C80032B6FC /* FMDatabase.h */,
				3B4875D42771B3C80032B6FC /* FMDatabaseQueue.m */,
				3B4875D52771B3C80032B6FC /* FMResultSet.h */,
				3B4875D62771B3C80032B6FC /* FMDatabasePool.h */,
				3B4875D72771B3C80032B6FC /* FMDatabaseAdditions.m */,
				3B4875D82771B3C80032B6FC /* FMDatabase.m */,
				3B4875D92771B3C80032B6FC /* FMDatabaseQueue.h */,
				3B4875DA2771B3C80032B6FC /* FMDB.h */,
				3B4875DB2771B3C80032B6FC /* FMDatabaseAdditions.h */,
				3B4875DC2771B3C80032B6FC /* FMDatabasePool.m */,
				3B4875DD2771B3C80032B6FC /* FMResultSet.m */,
			);
			name = fmdb;
			path = "../../../../../../Downloads/fmdb-master/src/fmdb";
			sourceTree = "<group>";
		};
		3B4875F1277204750032B6FC /* 串行队列 */ = {
			isa = PBXGroup;
			children = (
				3B4875F2277204750032B6FC /* AppDelegate.h */,
				3B4875F3277204750032B6FC /* AppDelegate.m */,
				3B4875F5277204750032B6FC /* SceneDelegate.h */,
				3B4875F6277204750032B6FC /* SceneDelegate.m */,
				3B4875F8277204750032B6FC /* ViewController.h */,
				3B4875F9277204750032B6FC /* ViewController.m */,
				3B4875FB277204750032B6FC /* Main.storyboard */,
				3B4875FE277204760032B6FC /* Assets.xcassets */,
				3B487600277204760032B6FC /* LaunchScreen.storyboard */,
				3B487603277204760032B6FC /* Info.plist */,
				3B487604277204760032B6FC /* main.m */,
			);
			path = "串行队列";
			sourceTree = "<group>";
		};
/* End PBXGroup section */

/* Begin PBXNativeTarget section */
		3B48757F2771B0610032B6FC /* FMDB演练 */ = {
			isa = PBXNativeTarget;
			buildConfigurationList = 3B4875912771B0640032B6FC /* Build configuration list for PBXNativeTarget "FMDB演练" */;
			buildPhases = (
				3B48757C2771B0610032B6FC /* Sources */,
				3B48757D2771B0610032B6FC /* Frameworks */,
				3B48757E2771B0610032B6FC /* Resources */,
			);
			buildRules = (
			);
			dependencies = (
			);
			name = "FMDB演练";
			productName = "FMDB演练";
			productReference = 3B4875802771B0610032B6FC /* FMDB演练.app */;
			productType = "com.apple.product-type.application";
		};
		3B4875EF277204750032B6FC /* 串行队列 */ = {
			isa = PBXNativeTarget;
			buildConfigurationList = 3B487606277204760032B6FC /* Build configuration list for PBXNativeTarget "串行队列" */;
			buildPhases = (
				3B4875EC277204750032B6FC /* Sources */,
				3B4875ED277204750032B6FC /* Frameworks */,
				3B4875EE277204750032B6FC /* Resources */,
			);
			buildRules = (
			);
			dependencies = (
			);
			name = "串行队列";
			productName = "串行队列";
			productReference = 3B4875F0277204750032B6FC /* 串行队列.app */;
			productType = "com.apple.product-type.application";
		};
/* End PBXNativeTarget section */

/* Begin PBXProject section */
		3B48755D2771B04A0032B6FC /* Project object */ = {
			isa = PBXProject;
			attributes = {
				BuildIndependentTargetsInParallel = 1;
				LastSwiftUpdateCheck = 1310;
				LastUpgradeCheck = 1310;
				TargetAttributes = {
					3B48757F2771B0610032B6FC = {
						CreatedOnToolsVersion = 13.1;
					};
					3B4875EF277204750032B6FC = {
						CreatedOnToolsVersion = 13.1;
					};
				};
			};
			buildConfigurationList = 3B4875602771B04A0032B6FC /* Build configuration list for PBXProject "day14" */;
			compatibilityVersion = "Xcode 13.0";
			developmentRegion = en;
			hasScannedForEncodings = 0;
			knownRegions = (
				en,
				Base,
			);
			mainGroup = 3B48755C2771B04A0032B6FC;
			productRefGroup = 3B4875662771B04A0032B6FC /* Products */;
			projectDirPath = "";
			projectRoot = "";
			targets = (
				3B48757F2771B0610032B6FC /* FMDB演练 */,
				3B4875EF277204750032B6FC /* 串行队列 */,
			);
		};
/* End PBXProject section */

/* Begin PBXResourcesBuildPhase section */
		3B48757E2771B0610032B6FC /* Resources */ = {
			isa = PBXResourcesBuildPhase;
			buildActionMask = 2147483647;
			files = (
				3B48758F2771B0640032B6FC /* LaunchScreen.storyboard in Resources */,
				3B48758C2771B0640032B6FC /* Assets.xcassets in Resources */,
				3B4875EB2771C1100032B6FC /* db.sql in Resources */,
				3B48758A2771B0620032B6FC /* Main.storyboard in Resources */,
			);
			runOnlyForDeploymentPostprocessing = 0;
		};
		3B4875EE277204750032B6FC /* Resources */ = {
			isa = PBXResourcesBuildPhase;
			buildActionMask = 2147483647;
			files = (
				3B487602277204760032B6FC /* LaunchScreen.storyboard in Resources */,
				3B4875FF277204760032B6FC /* Assets.xcassets in Resources */,
				3B4875FD277204750032B6FC /* Main.storyboard in Resources */,
			);
			runOnlyForDeploymentPostprocessing = 0;
		};
/* End PBXResourcesBuildPhase section */

/* Begin PBXSourcesBuildPhase section */
		3B48757C2771B0610032B6FC /* Sources */ = {
			isa = PBXSourcesBuildPhase;
			buildActionMask = 2147483647;
			files = (
				3B4875872771B0620032B6FC /* ViewController.swift in Sources */,
				3B4875DF2771B3C80032B6FC /* FMDatabaseQueue.m in Sources */,
				3B4875832771B0620032B6FC /* AppDelegate.swift in Sources */,
				3B4875E12771B3C80032B6FC /* FMDatabase.m in Sources */,
				3B4875E22771B3C80032B6FC /* FMDatabasePool.m in Sources */,
				3B4875852771B0620032B6FC /* SceneDelegate.swift in Sources */,
				3B4875E72771B8410032B6FC /* SQLiteManager.swift in Sources */,
				3B4875E32771B3C80032B6FC /* FMResultSet.m in Sources */,
				3B4875E02771B3C80032B6FC /* FMDatabaseAdditions.m in Sources */,
			);
			runOnlyForDeploymentPostprocessing = 0;
		};
		3B4875EC277204750032B6FC /* Sources */ = {
			isa = PBXSourcesBuildPhase;
			buildActionMask = 2147483647;
			files = (
				3B4875FA277204750032B6FC /* ViewController.m in Sources */,
				3B4875F4277204750032B6FC /* AppDelegate.m in Sources */,
				3B487605277204760032B6FC /* main.m in Sources */,
				3B4875F7277204750032B6FC /* SceneDelegate.m in Sources */,
			);
			runOnlyForDeploymentPostprocessing = 0;
		};
/* End PBXSourcesBuildPhase section */

/* Begin PBXVariantGroup section */
		3B4875882771B0620032B6FC /* Main.storyboard */ = {
			isa = PBXVariantGroup;
			children = (
				3B4875892771B0620032B6FC /* Base */,
			);
			name = Main.storyboard;
			sourceTree = "<group>";
		};
		3B48758D2771B0640032B6FC /* LaunchScreen.storyboard */ = {
			isa = PBXVariantGroup;
			children = (
				3B48758E2771B0640032B6FC /* Base */,
			);
			name = LaunchScreen.storyboard;
			sourceTree = "<group>";
		};
		3B4875FB277204750032B6FC /* Main.storyboard */ = {
			isa = PBXVariantGroup;
			children = (
				3B4875FC277204750032B6FC /* Base */,
			);
			name = Main.storyboard;
			sourceTree = "<group>";
		};
		3B487600277204760032B6FC /* LaunchScreen.storyboard */ = {
			isa = PBXVariantGroup;
			children = (
				3B487601277204760032B6FC /* Base */,
			);
			name = LaunchScreen.storyboard;
			sourceTree = "<group>";
		};
/* End PBXVariantGroup section */

/* Begin XCBuildConfiguration section */
		3B4875772771B04C0032B6FC /* Debug */ = {
			isa = XCBuildConfiguration;
			buildSettings = {
				ALWAYS_SEARCH_USER_PATHS = NO;
				CLANG_ANALYZER_NONNULL = YES;
				CLANG_ANALYZER_NUMBER_OBJECT_CONVERSION = YES_AGGRESSIVE;
				CLANG_CXX_LANGUAGE_STANDARD = "gnu++17";
				CLANG_CXX_LIBRARY = "libc++";
				CLANG_ENABLE_MODULES = YES;
				CLANG_ENABLE_OBJC_ARC = YES;
				CLANG_ENABLE_OBJC_WEAK = YES;
				CLANG_WARN_BLOCK_CAPTURE_AUTORELEASING = YES;
				CLANG_WARN_BOOL_CONVERSION = YES;
				CLANG_WARN_COMMA = YES;
				CLANG_WARN_CONSTANT_CONVERSION = YES;
				CLANG_WARN_DEPRECATED_OBJC_IMPLEMENTATIONS = YES;
				CLANG_WARN_DIRECT_OBJC_ISA_USAGE = YES_ERROR;
				CLANG_WARN_DOCUMENTATION_COMMENTS = YES;
				CLANG_WARN_EMPTY_BODY = YES;
				CLANG_WARN_ENUM_CONVERSION = YES;
				CLANG_WARN_INFINITE_RECURSION = YES;
				CLANG_WARN_INT_CONVERSION = YES;
				CLANG_WARN_NON_LITERAL_NULL_CONVERSION = YES;
				CLANG_WARN_OBJC_IMPLICIT_RETAIN_SELF = YES;
				CLANG_WARN_OBJC_LITERAL_CONVERSION = YES;
				CLANG_WARN_OBJC_ROOT_CLASS = YES_ERROR;
				CLANG_WARN_QUOTED_INCLUDE_IN_FRAMEWORK_HEADER = YES;
				CLANG_WARN_RANGE_LOOP_ANALYSIS = YES;
				CLANG_WARN_STRICT_PROTOTYPES = YES;
				CLANG_WARN_SUSPICIOUS_MOVE = YES;
				CLANG_WARN_UNGUARDED_AVAILABILITY = YES_AGGRESSIVE;
				CLANG_WARN_UNREACHABLE_CODE = YES;
				CLANG_WARN__DUPLICATE_METHOD_MATCH = YES;
				COPY_PHASE_STRIP = NO;
				DEBUG_INFORMATION_FORMAT = dwarf;
				ENABLE_STRICT_OBJC_MSGSEND = YES;
				ENABLE_TESTABILITY = YES;
				GCC_C_LANGUAGE_STANDARD = gnu11;
				GCC_DYNAMIC_NO_PIC = NO;
				GCC_NO_COMMON_BLOCKS = YES;
				GCC_OPTIMIZATION_LEVEL = 0;
				GCC_PREPROCESSOR_DEFINITIONS = (
					"DEBUG=1",
					"$(inherited)",
				);
				GCC_WARN_64_TO_32_BIT_CONVERSION = YES;
				GCC_WARN_ABOUT_RETURN_TYPE = YES_ERROR;
				GCC_WARN_UNDECLARED_SELECTOR = YES;
				GCC_WARN_UNINITIALIZED_AUTOS = YES_AGGRESSIVE;
				GCC_WARN_UNUSED_FUNCTION = YES;
				GCC_WARN_UNUSED_VARIABLE = YES;
				IPHONEOS_DEPLOYMENT_TARGET = 15.0;
				MTL_ENABLE_DEBUG_INFO = INCLUDE_SOURCE;
				MTL_FAST_MATH = YES;
				ONLY_ACTIVE_ARCH = YES;
				SDKROOT = iphoneos;
				SWIFT_ACTIVE_COMPILATION_CONDITIONS = DEBUG;
				SWIFT_OPTIMIZATION_LEVEL = "-Onone";
			};
			name = Debug;
		};
		3B4875782771B04C0032B6FC /* Release */ = {
			isa = XCBuildConfiguration;
			buildSettings = {
				ALWAYS_SEARCH_USER_PATHS = NO;
				CLANG_ANALYZER_NONNULL = YES;
				CLANG_ANALYZER_NUMBER_OBJECT_CONVERSION = YES_AGGRESSIVE;
				CLANG_CXX_LANGUAGE_STANDARD = "gnu++17";
				CLANG_CXX_LIBRARY = "libc++";
				CLANG_ENABLE_MODULES = YES;
				CLANG_ENABLE_OBJC_ARC = YES;
				CLANG_ENABLE_OBJC_WEAK = YES;
				CLANG_WARN_BLOCK_CAPTURE_AUTORELEASING = YES;
				CLANG_WARN_BOOL_CONVERSION = YES;
				CLANG_WARN_COMMA = YES;
				CLANG_WARN_CONSTANT_CONVERSION = YES;
				CLANG_WARN_DEPRECATED_OBJC_IMPLEMENTATIONS = YES;
				CLANG_WARN_DIRECT_OBJC_ISA_USAGE = YES_ERROR;
				CLANG_WARN_DOCUMENTATION_COMMENTS = YES;
				CLANG_WARN_EMPTY_BODY = YES;
				CLANG_WARN_ENUM_CONVERSION = YES;
				CLANG_WARN_INFINITE_RECURSION = YES;
				CLANG_WARN_INT_CONVERSION = YES;
				CLANG_WARN_NON_LITERAL_NULL_CONVERSION = YES;
				CLANG_WARN_OBJC_IMPLICIT_RETAIN_SELF = YES;
				CLANG_WARN_OBJC_LITERAL_CONVERSION = YES;
				CLANG_WARN_OBJC_ROOT_CLASS = YES_ERROR;
				CLANG_WARN_QUOTED_INCLUDE_IN_FRAMEWORK_HEADER = YES;
				CLANG_WARN_RANGE_LOOP_ANALYSIS = YES;
				CLANG_WARN_STRICT_PROTOTYPES = YES;
				CLANG_WARN_SUSPICIOUS_MOVE = YES;
				CLANG_WARN_UNGUARDED_AVAILABILITY = YES_AGGRESSIVE;
				CLANG_WARN_UNREACHABLE_CODE = YES;
				CLANG_WARN__DUPLICATE_METHOD_MATCH = YES;
				COPY_PHASE_STRIP = NO;
				DEBUG_INFORMATION_FORMAT = "dwarf-with-dsym";
				ENABLE_NS_ASSERTIONS = NO;
				ENABLE_STRICT_OBJC_MSGSEND = YES;
				GCC_C_LANGUAGE_STANDARD = gnu11;
				GCC_NO_COMMON_BLOCKS = YES;
				GCC_WARN_64_TO_32_BIT_CONVERSION = YES;
				GCC_WARN_ABOUT_RETURN_TYPE = YES_ERROR;
				GCC_WARN_UNDECLARED_SELECTOR = YES;
				GCC_WARN_UNINITIALIZED_AUTOS = YES_AGGRESSIVE;
				GCC_WARN_UNUSED_FUNCTION = YES;
				GCC_WARN_UNUSED_VARIABLE = YES;
				IPHONEOS_DEPLOYMENT_TARGET = 15.0;
				MTL_ENABLE_DEBUG_INFO = NO;
				MTL_FAST_MATH = YES;
				SDKROOT = iphoneos;
				SWIFT_COMPILATION_MODE = wholemodule;
				SWIFT_OPTIMIZATION_LEVEL = "-O";
				VALIDATE_PRODUCT = YES;
			};
			name = Release;
		};
		3B4875922771B0640032B6FC /* Debug */ = {
			isa = XCBuildConfiguration;
			buildSettings = {
				ASSETCATALOG_COMPILER_APPICON_NAME = AppIcon;
				ASSETCATALOG_COMPILER_GLOBAL_ACCENT_COLOR_NAME = AccentColor;
				CODE_SIGN_STYLE = Automatic;
				CURRENT_PROJECT_VERSION = 1;
				DEVELOPMENT_TEAM = L6839A4KRP;
				GENERATE_INFOPLIST_FILE = YES;
				INFOPLIST_FILE = "FMDB演练/Info.plist";
				INFOPLIST_KEY_UIApplicationSupportsIndirectInputEvents = YES;
				INFOPLIST_KEY_UILaunchStoryboardName = LaunchScreen;
				INFOPLIST_KEY_UIMainStoryboardFile = Main;
				INFOPLIST_KEY_UISupportedInterfaceOrientations_iPad = "UIInterfaceOrientationPortrait UIInterfaceOrientationPortraitUpsideDown UIInterfaceOrientationLandscapeLeft UIInterfaceOrientationLandscapeRight";
				INFOPLIST_KEY_UISupportedInterfaceOrientations_iPhone = "UIInterfaceOrientationPortrait UIInterfaceOrientationLandscapeLeft UIInterfaceOrientationLandscapeRight";
				LD_RUNPATH_SEARCH_PATHS = (
					"$(inherited)",
					"@executable_path/Frameworks",
				);
				MARKETING_VERSION = 1.0;
				PRODUCT_BUNDLE_IDENTIFIER = "com.jifengzhiyu-github.www.FMDB--";
				PRODUCT_NAME = "$(TARGET_NAME)";
				SWIFT_EMIT_LOC_STRINGS = YES;
				SWIFT_OBJC_BRIDGING_HEADER = "FMDB演练/FMDB-Bridge.h";
				SWIFT_VERSION = 5.0;
				TARGETED_DEVICE_FAMILY = "1,2";
			};
			name = Debug;
		};
		3B4875932771B0640032B6FC /* Release */ = {
			isa = XCBuildConfiguration;
			buildSettings = {
				ASSETCATALOG_COMPILER_APPICON_NAME = AppIcon;
				ASSETCATALOG_COMPILER_GLOBAL_ACCENT_COLOR_NAME = AccentColor;
				CODE_SIGN_STYLE = Automatic;
				CURRENT_PROJECT_VERSION = 1;
				DEVELOPMENT_TEAM = L6839A4KRP;
				GENERATE_INFOPLIST_FILE = YES;
				INFOPLIST_FILE = "FMDB演练/Info.plist";
				INFOPLIST_KEY_UIApplicationSupportsIndirectInputEvents = YES;
				INFOPLIST_KEY_UILaunchStoryboardName = LaunchScreen;
				INFOPLIST_KEY_UIMainStoryboardFile = Main;
				INFOPLIST_KEY_UISupportedInterfaceOrientations_iPad = "UIInterfaceOrientationPortrait UIInterfaceOrientationPortraitUpsideDown UIInterfaceOrientationLandscapeLeft UIInterfaceOrientationLandscapeRight";
				INFOPLIST_KEY_UISupportedInterfaceOrientations_iPhone = "UIInterfaceOrientationPortrait UIInterfaceOrientationLandscapeLeft UIInterfaceOrientationLandscapeRight";
				LD_RUNPATH_SEARCH_PATHS = (
					"$(inherited)",
					"@executable_path/Frameworks",
				);
				MARKETING_VERSION = 1.0;
				PRODUCT_BUNDLE_IDENTIFIER = "com.jifengzhiyu-github.www.FMDB--";
				PRODUCT_NAME = "$(TARGET_NAME)";
				SWIFT_EMIT_LOC_STRINGS = YES;
				SWIFT_OBJC_BRIDGING_HEADER = "FMDB演练/FMDB-Bridge.h";
				SWIFT_VERSION = 5.0;
				TARGETED_DEVICE_FAMILY = "1,2";
			};
			name = Release;
		};
		3B487607277204760032B6FC /* Debug */ = {
			isa = XCBuildConfiguration;
			buildSettings = {
				ASSETCATALOG_COMPILER_APPICON_NAME = AppIcon;
				ASSETCATALOG_COMPILER_GLOBAL_ACCENT_COLOR_NAME = AccentColor;
				CODE_SIGN_STYLE = Automatic;
				CURRENT_PROJECT_VERSION = 1;
				DEVELOPMENT_TEAM = L6839A4KRP;
				GENERATE_INFOPLIST_FILE = YES;
				INFOPLIST_FILE = "串行队列/Info.plist";
				INFOPLIST_KEY_UIApplicationSupportsIndirectInputEvents = YES;
				INFOPLIST_KEY_UILaunchStoryboardName = LaunchScreen;
				INFOPLIST_KEY_UIMainStoryboardFile = Main;
				INFOPLIST_KEY_UISupportedInterfaceOrientations_iPad = "UIInterfaceOrientationPortrait UIInterfaceOrientationPortraitUpsideDown UIInterfaceOrientationLandscapeLeft UIInterfaceOrientationLandscapeRight";
				INFOPLIST_KEY_UISupportedInterfaceOrientations_iPhone = "UIInterfaceOrientationPortrait UIInterfaceOrientationLandscapeLeft UIInterfaceOrientationLandscapeRight";
				LD_RUNPATH_SEARCH_PATHS = (
					"$(inherited)",
					"@executable_path/Frameworks",
				);
				MARKETING_VERSION = 1.0;
				PRODUCT_BUNDLE_IDENTIFIER = "com.jifengzhiyu-github.www.----";
				PRODUCT_NAME = "$(TARGET_NAME)";
				SWIFT_EMIT_LOC_STRINGS = YES;
				TARGETED_DEVICE_FAMILY = "1,2";
			};
			name = Debug;
		};
		3B487608277204760032B6FC /* Release */ = {
			isa = XCBuildConfiguration;
			buildSettings = {
				ASSETCATALOG_COMPILER_APPICON_NAME = AppIcon;
				ASSETCATALOG_COMPILER_GLOBAL_ACCENT_COLOR_NAME = AccentColor;
				CODE_SIGN_STYLE = Automatic;
				CURRENT_PROJECT_VERSION = 1;
				DEVELOPMENT_TEAM = L6839A4KRP;
				GENERATE_INFOPLIST_FILE = YES;
				INFOPLIST_FILE = "串行队列/Info.plist";
				INFOPLIST_KEY_UIApplicationSupportsIndirectInputEvents = YES;
				INFOPLIST_KEY_UILaunchStoryboardName = LaunchScreen;
				INFOPLIST_KEY_UIMainStoryboardFile = Main;
				INFOPLIST_KEY_UISupportedInterfaceOrientations_iPad = "UIInterfaceOrientationPortrait UIInterfaceOrientationPortraitUpsideDown UIInterfaceOrientationLandscapeLeft UIInterfaceOrientationLandscapeRight";
				INFOPLIST_KEY_UISupportedInterfaceOrientations_iPhone = "UIInterfaceOrientationPortrait UIInterfaceOrientationLandscapeLeft UIInterfaceOrientationLandscapeRight";
				LD_RUNPATH_SEARCH_PATHS = (
					"$(inherited)",
					"@executable_path/Frameworks",
				);
				MARKETING_VERSION = 1.0;
				PRODUCT_BUNDLE_IDENTIFIER = "com.jifengzhiyu-github.www.----";
				PRODUCT_NAME = "$(TARGET_NAME)";
				SWIFT_EMIT_LOC_STRINGS = YES;
				TARGETED_DEVICE_FAMILY = "1,2";
			};
			name = Release;
		};
/* End XCBuildConfiguration section */

/* Begin XCConfigurationList section */
		3B4875602771B04A0032B6FC /* Build configuration list for PBXProject "day14" */ = {
			isa = XCConfigurationList;
			buildConfigurations = (
				3B4875772771B04C0032B6FC /* Debug */,
				3B4875782771B04C0032B6FC /* Release */,
			);
			defaultConfigurationIsVisible = 0;
			defaultConfigurationName = Release;
		};
		3B4875912771B0640032B6FC /* Build configuration list for PBXNativeTarget "FMDB演练" */ = {
			isa = XCConfigurationList;
			buildConfigurations = (
				3B4875922771B0640032B6FC /* Debug */,
				3B4875932771B0640032B6FC /* Release */,
			);
			defaultConfigurationIsVisible = 0;
			defaultConfigurationName = Release;
		};
		3B487606277204760032B6FC /* Build configuration list for PBXNativeTarget "串行队列" */ = {
			isa = XCConfigurationList;
			buildConfigurations = (
				3B487607277204760032B6FC /* Debug */,
				3B487608277204760032B6FC /* Release */,
			);
			defaultConfigurationIsVisible = 0;
			defaultConfigurationName = Release;
		};
/* End XCConfigurationList section */
	};
	rootObject = 3B48755D2771B04A0032B6FC /* Project object */;
}
